
Microsoft Visual Studio Solution File, Format Version 12.00
# Visual Studio 15
VisualStudioVersion = 15.0.26730.3
MinimumVisualStudioVersion = 10.0.40219.1
Project("{FAE04EC0-301F-11D3-BF4B-00C04F79EFBC}") = "0201暂停一段时间", "0201暂停一段时间\0201暂停一段时间.csproj", "{84CFD3B8-34BA-442C-BD5D-AF85CCF06113}"
EndProject
Project("{2150E333-8FDC-42A3-9474-1A3956D46DE8}") = "02异步编程基础", "02异步编程基础", "{D906A843-D085-43A4-9FB8-5F4D9F321545}"
EndProject
Project("{FAE04EC0-301F-11D3-BF4B-00C04F79EFBC}") = "0202返回完成的任务", "0202返回完成的任务\0202返回完成的任务.csproj", "{3B96AB57-B89C-4D23-AA73-EE1AD0576177}"
EndProject
Project("{FAE04EC0-301F-11D3-BF4B-00C04F79EFBC}") = "0203报告进度", "0203报告进度\0203报告进度.csproj", "{50E761D7-A93F-4D20-BEE3-7443603C7364}"
EndProject
Project("{FAE04EC0-301F-11D3-BF4B-00C04F79EFBC}") = "0204等待一组任务完成", "0204等待一组任务完成\0204等待一组任务完成.csproj", "{09CE2007-94C5-40AB-A634-74E18FBFACEF}"
EndProject
Project("{FAE04EC0-301F-11D3-BF4B-00C04F79EFBC}") = "0205等待任意一个任务完成", "0205等待任意一个任务完成\0205等待任意一个任务完成.csproj", "{D00A03C8-2B3B-4D09-B51F-08A04503FBFA}"
EndProject
Project("{FAE04EC0-301F-11D3-BF4B-00C04F79EFBC}") = "0206任务完成时的处理", "0206任务完成时的处理\0206任务完成时的处理.csproj", "{041FE6A6-4158-4D73-B94A-F4AD1C4EC682}"
EndProject
Project("{FAE04EC0-301F-11D3-BF4B-00C04F79EFBC}") = "0207避免上下文延续", "0207避免上下文延续\0207避免上下文延续.csproj", "{25AFA8D3-AB4B-4641-BAC1-DC8E43CF37DB}"
EndProject
Project("{FAE04EC0-301F-11D3-BF4B-00C04F79EFBC}") = "0208处理asyncTask方法的异常", "0208处理asyncTask方法的异常\0208处理asyncTask方法的异常.csproj", "{AD6B1A4E-3351-4AC1-A6B7-60F85DB717FC}"
EndProject
Project("{FAE04EC0-301F-11D3-BF4B-00C04F79EFBC}") = "0209处理AsyncVoid方法的异常", "0209处理AsyncVoid方法的异常\0209处理AsyncVoid方法的异常.csproj", "{0D5BFEA0-517E-4F56-8376-0AB2EFFFF8A6}"
EndProject
Global
	GlobalSection(SolutionConfigurationPlatforms) = preSolution
		Debug|Any CPU = Debug|Any CPU
		Release|Any CPU = Release|Any CPU
	EndGlobalSection
	GlobalSection(ProjectConfigurationPlatforms) = postSolution
		{84CFD3B8-34BA-442C-BD5D-AF85CCF06113}.Debug|Any CPU.ActiveCfg = Debug|Any CPU
		{84CFD3B8-34BA-442C-BD5D-AF85CCF06113}.Debug|Any CPU.Build.0 = Debug|Any CPU
		{84CFD3B8-34BA-442C-BD5D-AF85CCF06113}.Release|Any CPU.ActiveCfg = Release|Any CPU
		{84CFD3B8-34BA-442C-BD5D-AF85CCF06113}.Release|Any CPU.Build.0 = Release|Any CPU
		{3B96AB57-B89C-4D23-AA73-EE1AD0576177}.Debug|Any CPU.ActiveCfg = Debug|Any CPU
		{3B96AB57-B89C-4D23-AA73-EE1AD0576177}.Debug|Any CPU.Build.0 = Debug|Any CPU
		{3B96AB57-B89C-4D23-AA73-EE1AD0576177}.Release|Any CPU.ActiveCfg = Release|Any CPU
		{3B96AB57-B89C-4D23-AA73-EE1AD0576177}.Release|Any CPU.Build.0 = Release|Any CPU
		{50E761D7-A93F-4D20-BEE3-7443603C7364}.Debug|Any CPU.ActiveCfg = Debug|Any CPU
		{50E761D7-A93F-4D20-BEE3-7443603C7364}.Debug|Any CPU.Build.0 = Debug|Any CPU
		{50E761D7-A93F-4D20-BEE3-7443603C7364}.Release|Any CPU.ActiveCfg = Release|Any CPU
		{50E761D7-A93F-4D20-BEE3-7443603C7364}.Release|Any CPU.Build.0 = Release|Any CPU
		{09CE2007-94C5-40AB-A634-74E18FBFACEF}.Debug|Any CPU.ActiveCfg = Debug|Any CPU
		{09CE2007-94C5-40AB-A634-74E18FBFACEF}.Debug|Any CPU.Build.0 = Debug|Any CPU
		{09CE2007-94C5-40AB-A634-74E18FBFACEF}.Release|Any CPU.ActiveCfg = Release|Any CPU
		{09CE2007-94C5-40AB-A634-74E18FBFACEF}.Release|Any CPU.Build.0 = Release|Any CPU
		{D00A03C8-2B3B-4D09-B51F-08A04503FBFA}.Debug|Any CPU.ActiveCfg = Debug|Any CPU
		{D00A03C8-2B3B-4D09-B51F-08A04503FBFA}.Debug|Any CPU.Build.0 = Debug|Any CPU
		{D00A03C8-2B3B-4D09-B51F-08A04503FBFA}.Release|Any CPU.ActiveCfg = Release|Any CPU
		{D00A03C8-2B3B-4D09-B51F-08A04503FBFA}.Release|Any CPU.Build.0 = Release|Any CPU
		{041FE6A6-4158-4D73-B94A-F4AD1C4EC682}.Debug|Any CPU.ActiveCfg = Debug|Any CPU
		{041FE6A6-4158-4D73-B94A-F4AD1C4EC682}.Debug|Any CPU.Build.0 = Debug|Any CPU
		{041FE6A6-4158-4D73-B94A-F4AD1C4EC682}.Release|Any CPU.ActiveCfg = Release|Any CPU
		{041FE6A6-4158-4D73-B94A-F4AD1C4EC682}.Release|Any CPU.Build.0 = Release|Any CPU
		{25AFA8D3-AB4B-4641-BAC1-DC8E43CF37DB}.Debug|Any CPU.ActiveCfg = Debug|Any CPU
		{25AFA8D3-AB4B-4641-BAC1-DC8E43CF37DB}.Debug|Any CPU.Build.0 = Debug|Any CPU
		{25AFA8D3-AB4B-4641-BAC1-DC8E43CF37DB}.Release|Any CPU.ActiveCfg = Release|Any CPU
		{25AFA8D3-AB4B-4641-BAC1-DC8E43CF37DB}.Release|Any CPU.Build.0 = Release|Any CPU
		{AD6B1A4E-3351-4AC1-A6B7-60F85DB717FC}.Debug|Any CPU.ActiveCfg = Debug|Any CPU
		{AD6B1A4E-3351-4AC1-A6B7-60F85DB717FC}.Debug|Any CPU.Build.0 = Debug|Any CPU
		{AD6B1A4E-3351-4AC1-A6B7-60F85DB717FC}.Release|Any CPU.ActiveCfg = Release|Any CPU
		{AD6B1A4E-3351-4AC1-A6B7-60F85DB717FC}.Release|Any CPU.Build.0 = Release|Any CPU
		{0D5BFEA0-517E-4F56-8376-0AB2EFFFF8A6}.Debug|Any CPU.ActiveCfg = Debug|Any CPU
		{0D5BFEA0-517E-4F56-8376-0AB2EFFFF8A6}.Debug|Any CPU.Build.0 = Debug|Any CPU
		{0D5BFEA0-517E-4F56-8376-0AB2EFFFF8A6}.Release|Any CPU.ActiveCfg = Release|Any CPU
		{0D5BFEA0-517E-4F56-8376-0AB2EFFFF8A6}.Release|Any CPU.Build.0 = Release|Any CPU
	EndGlobalSection
	GlobalSection(SolutionProperties) = preSolution
		HideSolutionNode = FALSE
	EndGlobalSection
	GlobalSection(NestedProjects) = preSolution
		{84CFD3B8-34BA-442C-BD5D-AF85CCF06113} = {D906A843-D085-43A4-9FB8-5F4D9F321545}
		{3B96AB57-B89C-4D23-AA73-EE1AD0576177} = {D906A843-D085-43A4-9FB8-5F4D9F321545}
		{50E761D7-A93F-4D20-BEE3-7443603C7364} = {D906A843-D085-43A4-9FB8-5F4D9F321545}
		{09CE2007-94C5-40AB-A634-74E18FBFACEF} = {D906A843-D085-43A4-9FB8-5F4D9F321545}
		{D00A03C8-2B3B-4D09-B51F-08A04503FBFA} = {D906A843-D085-43A4-9FB8-5F4D9F321545}
		{041FE6A6-4158-4D73-B94A-F4AD1C4EC682} = {D906A843-D085-43A4-9FB8-5F4D9F321545}
		{25AFA8D3-AB4B-4641-BAC1-DC8E43CF37DB} = {D906A843-D085-43A4-9FB8-5F4D9F321545}
		{AD6B1A4E-3351-4AC1-A6B7-60F85DB717FC} = {D906A843-D085-43A4-9FB8-5F4D9F321545}
		{0D5BFEA0-517E-4F56-8376-0AB2EFFFF8A6} = {D906A843-D085-43A4-9FB8-5F4D9F321545}
	EndGlobalSection
	GlobalSection(ExtensibilityGlobals) = postSolution
		SolutionGuid = {3B198BB9-981B-4FA6-9C10-D0C0B556CD54}
	EndGlobalSection
EndGlobal
