
Microsoft Visual Studio Solution File, Format Version 12.00
# Visual Studio 14
VisualStudioVersion = 14.0.25420.1
MinimumVisualStudioVersion = 10.0.40219.1
Project("{FAE04EC0-301F-11D3-BF4B-00C04F79EFBC}") = "01工厂模式", "工厂模式\01工厂模式.csproj", "{0D571FF4-640C-44EF-B325-7F885F4319C8}"
EndProject
Project("{FAE04EC0-301F-11D3-BF4B-00C04F79EFBC}") = "02抽象工厂模式", "02抽象工厂模式\02抽象工厂模式.csproj", "{818B6823-36F5-4673-94F8-168EAF1CF6E4}"
EndProject
Project("{FAE04EC0-301F-11D3-BF4B-00C04F79EFBC}") = "03单例模式", "03单例模式\03单例模式.csproj", "{08E49E9E-EC36-4595-BDE9-F97B1C1BAA81}"
EndProject
Project("{FAE04EC0-301F-11D3-BF4B-00C04F79EFBC}") = "04建造者模式", "04建造者模式\04建造者模式.csproj", "{5CC825F2-539F-446D-B937-99B2EE0C94FE}"
EndProject
Project("{FAE04EC0-301F-11D3-BF4B-00C04F79EFBC}") = "05原型模式", "05原型模式\05原型模式.csproj", "{BAEA208B-AC7B-4CB0-BCBA-7A50B30A704D}"
EndProject
Project("{FAE04EC0-301F-11D3-BF4B-00C04F79EFBC}") = "06适配器", "06适配器\06适配器.csproj", "{09D64D9B-335C-44AE-8BB7-2F9535851388}"
EndProject
Project("{FAE04EC0-301F-11D3-BF4B-00C04F79EFBC}") = "07桥接模式", "07桥接模式\07桥接模式.csproj", "{BBF9D883-2FCF-44CB-807B-C7A23AE0A11C}"
EndProject
Project("{FAE04EC0-301F-11D3-BF4B-00C04F79EFBC}") = "08过滤器", "08过滤器\08过滤器.csproj", "{058E2340-462B-46A7-BCB9-49012AA3A514}"
EndProject
Project("{FAE04EC0-301F-11D3-BF4B-00C04F79EFBC}") = "Common", "Common\Common.csproj", "{2915C792-6D1B-41F6-8F7D-ADE71F744C31}"
EndProject
Project("{2150E333-8FDC-42A3-9474-1A3956D46DE8}") = "结构型模式", "结构型模式", "{318459B1-A738-42E5-BC26-D1666A87CA3F}"
EndProject
Project("{2150E333-8FDC-42A3-9474-1A3956D46DE8}") = "创建型模式", "创建型模式", "{499D5E5A-19DB-4C53-B55C-377ADC40AF1D}"
EndProject
Project("{FAE04EC0-301F-11D3-BF4B-00C04F79EFBC}") = "09组合模式", "09组合模式\09组合模式.csproj", "{93ABB996-A9A8-425F-BFF0-DD579D929DD9}"
EndProject
Project("{FAE04EC0-301F-11D3-BF4B-00C04F79EFBC}") = "10装饰器模式", "10装饰器模式\10装饰器模式.csproj", "{D94D4F68-129C-4ACE-B370-0047488237AD}"
EndProject
Project("{FAE04EC0-301F-11D3-BF4B-00C04F79EFBC}") = "11外观模式", "11外观模式\11外观模式.csproj", "{DD1978D4-47A6-4301-9993-CC2AD8F235A3}"
EndProject
Project("{FAE04EC0-301F-11D3-BF4B-00C04F79EFBC}") = "12享元模式", "12享元模式\12享元模式.csproj", "{79E740F9-F33D-406D-A388-411E29EDE8FC}"
EndProject
Project("{FAE04EC0-301F-11D3-BF4B-00C04F79EFBC}") = "13代理模式", "13代理模式\13代理模式.csproj", "{729CF52D-BBB2-4983-9B5F-D27987C03371}"
EndProject
Project("{2150E333-8FDC-42A3-9474-1A3956D46DE8}") = "行为型模式", "行为型模式", "{8CA4DE27-671D-47C7-B6A0-FA676E05E218}"
EndProject
Project("{FAE04EC0-301F-11D3-BF4B-00C04F79EFBC}") = "14责任链模式", "14责任链模式\14责任链模式.csproj", "{C2806551-6B32-4BD5-B0C3-A7A9F47C1425}"
EndProject
Project("{FAE04EC0-301F-11D3-BF4B-00C04F79EFBC}") = "15命令模式", "15命令模式\15命令模式.csproj", "{5CBD37F6-FF27-4235-BEBB-6BB8FE1337B5}"
EndProject
Project("{FAE04EC0-301F-11D3-BF4B-00C04F79EFBC}") = "16解析器模式", "16解析器模式\16解析器模式.csproj", "{DBD80BEE-2F40-4753-883B-301D93D44DFB}"
EndProject
Project("{FAE04EC0-301F-11D3-BF4B-00C04F79EFBC}") = "17迭代器模式", "17迭代器模式\17迭代器模式.csproj", "{11561710-0005-4E22-854F-B7B5D71BB3AB}"
EndProject
Project("{FAE04EC0-301F-11D3-BF4B-00C04F79EFBC}") = "18中介者模式", "18中介者模式\18中介者模式.csproj", "{F683591D-68DA-4CCA-BC75-9209BDE4536F}"
EndProject
Project("{FAE04EC0-301F-11D3-BF4B-00C04F79EFBC}") = "19备忘录模式", "19备忘录模式\19备忘录模式.csproj", "{AF378222-F682-47FE-8A56-E1AC65E9F7DA}"
EndProject
Project("{FAE04EC0-301F-11D3-BF4B-00C04F79EFBC}") = "20观察者模式", "20观察者模式\20观察者模式.csproj", "{E5AC5416-A3B9-4250-B46A-2144B48645E9}"
EndProject
Project("{FAE04EC0-301F-11D3-BF4B-00C04F79EFBC}") = "21状态模式", "21状态模式\21状态模式.csproj", "{3F856F32-10E0-41D5-9FF1-76DFFB63BBDA}"
EndProject
Project("{FAE04EC0-301F-11D3-BF4B-00C04F79EFBC}") = "22空对象模式", "22空对象模式\22空对象模式.csproj", "{4F47EC79-BD32-4502-A47E-4AC41A3C432C}"
EndProject
Project("{FAE04EC0-301F-11D3-BF4B-00C04F79EFBC}") = "23策略模式", "23策略模式\23策略模式.csproj", "{C3DF5774-B967-417F-882A-D14D5555B7F4}"
EndProject
Global
	GlobalSection(SolutionConfigurationPlatforms) = preSolution
		Debug|Any CPU = Debug|Any CPU
		Release|Any CPU = Release|Any CPU
	EndGlobalSection
	GlobalSection(ProjectConfigurationPlatforms) = postSolution
		{0D571FF4-640C-44EF-B325-7F885F4319C8}.Debug|Any CPU.ActiveCfg = Debug|Any CPU
		{0D571FF4-640C-44EF-B325-7F885F4319C8}.Debug|Any CPU.Build.0 = Debug|Any CPU
		{0D571FF4-640C-44EF-B325-7F885F4319C8}.Release|Any CPU.ActiveCfg = Release|Any CPU
		{0D571FF4-640C-44EF-B325-7F885F4319C8}.Release|Any CPU.Build.0 = Release|Any CPU
		{818B6823-36F5-4673-94F8-168EAF1CF6E4}.Debug|Any CPU.ActiveCfg = Debug|Any CPU
		{818B6823-36F5-4673-94F8-168EAF1CF6E4}.Debug|Any CPU.Build.0 = Debug|Any CPU
		{818B6823-36F5-4673-94F8-168EAF1CF6E4}.Release|Any CPU.ActiveCfg = Release|Any CPU
		{818B6823-36F5-4673-94F8-168EAF1CF6E4}.Release|Any CPU.Build.0 = Release|Any CPU
		{08E49E9E-EC36-4595-BDE9-F97B1C1BAA81}.Debug|Any CPU.ActiveCfg = Debug|Any CPU
		{08E49E9E-EC36-4595-BDE9-F97B1C1BAA81}.Debug|Any CPU.Build.0 = Debug|Any CPU
		{08E49E9E-EC36-4595-BDE9-F97B1C1BAA81}.Release|Any CPU.ActiveCfg = Release|Any CPU
		{08E49E9E-EC36-4595-BDE9-F97B1C1BAA81}.Release|Any CPU.Build.0 = Release|Any CPU
		{5CC825F2-539F-446D-B937-99B2EE0C94FE}.Debug|Any CPU.ActiveCfg = Debug|Any CPU
		{5CC825F2-539F-446D-B937-99B2EE0C94FE}.Debug|Any CPU.Build.0 = Debug|Any CPU
		{5CC825F2-539F-446D-B937-99B2EE0C94FE}.Release|Any CPU.ActiveCfg = Release|Any CPU
		{5CC825F2-539F-446D-B937-99B2EE0C94FE}.Release|Any CPU.Build.0 = Release|Any CPU
		{BAEA208B-AC7B-4CB0-BCBA-7A50B30A704D}.Debug|Any CPU.ActiveCfg = Debug|Any CPU
		{BAEA208B-AC7B-4CB0-BCBA-7A50B30A704D}.Debug|Any CPU.Build.0 = Debug|Any CPU
		{BAEA208B-AC7B-4CB0-BCBA-7A50B30A704D}.Release|Any CPU.ActiveCfg = Release|Any CPU
		{BAEA208B-AC7B-4CB0-BCBA-7A50B30A704D}.Release|Any CPU.Build.0 = Release|Any CPU
		{09D64D9B-335C-44AE-8BB7-2F9535851388}.Debug|Any CPU.ActiveCfg = Debug|Any CPU
		{09D64D9B-335C-44AE-8BB7-2F9535851388}.Debug|Any CPU.Build.0 = Debug|Any CPU
		{09D64D9B-335C-44AE-8BB7-2F9535851388}.Release|Any CPU.ActiveCfg = Release|Any CPU
		{09D64D9B-335C-44AE-8BB7-2F9535851388}.Release|Any CPU.Build.0 = Release|Any CPU
		{BBF9D883-2FCF-44CB-807B-C7A23AE0A11C}.Debug|Any CPU.ActiveCfg = Debug|Any CPU
		{BBF9D883-2FCF-44CB-807B-C7A23AE0A11C}.Debug|Any CPU.Build.0 = Debug|Any CPU
		{BBF9D883-2FCF-44CB-807B-C7A23AE0A11C}.Release|Any CPU.ActiveCfg = Release|Any CPU
		{BBF9D883-2FCF-44CB-807B-C7A23AE0A11C}.Release|Any CPU.Build.0 = Release|Any CPU
		{058E2340-462B-46A7-BCB9-49012AA3A514}.Debug|Any CPU.ActiveCfg = Debug|Any CPU
		{058E2340-462B-46A7-BCB9-49012AA3A514}.Debug|Any CPU.Build.0 = Debug|Any CPU
		{058E2340-462B-46A7-BCB9-49012AA3A514}.Release|Any CPU.ActiveCfg = Release|Any CPU
		{058E2340-462B-46A7-BCB9-49012AA3A514}.Release|Any CPU.Build.0 = Release|Any CPU
		{2915C792-6D1B-41F6-8F7D-ADE71F744C31}.Debug|Any CPU.ActiveCfg = Debug|Any CPU
		{2915C792-6D1B-41F6-8F7D-ADE71F744C31}.Debug|Any CPU.Build.0 = Debug|Any CPU
		{2915C792-6D1B-41F6-8F7D-ADE71F744C31}.Release|Any CPU.ActiveCfg = Release|Any CPU
		{2915C792-6D1B-41F6-8F7D-ADE71F744C31}.Release|Any CPU.Build.0 = Release|Any CPU
		{93ABB996-A9A8-425F-BFF0-DD579D929DD9}.Debug|Any CPU.ActiveCfg = Debug|Any CPU
		{93ABB996-A9A8-425F-BFF0-DD579D929DD9}.Debug|Any CPU.Build.0 = Debug|Any CPU
		{93ABB996-A9A8-425F-BFF0-DD579D929DD9}.Release|Any CPU.ActiveCfg = Release|Any CPU
		{93ABB996-A9A8-425F-BFF0-DD579D929DD9}.Release|Any CPU.Build.0 = Release|Any CPU
		{D94D4F68-129C-4ACE-B370-0047488237AD}.Debug|Any CPU.ActiveCfg = Debug|Any CPU
		{D94D4F68-129C-4ACE-B370-0047488237AD}.Debug|Any CPU.Build.0 = Debug|Any CPU
		{D94D4F68-129C-4ACE-B370-0047488237AD}.Release|Any CPU.ActiveCfg = Release|Any CPU
		{D94D4F68-129C-4ACE-B370-0047488237AD}.Release|Any CPU.Build.0 = Release|Any CPU
		{DD1978D4-47A6-4301-9993-CC2AD8F235A3}.Debug|Any CPU.ActiveCfg = Debug|Any CPU
		{DD1978D4-47A6-4301-9993-CC2AD8F235A3}.Debug|Any CPU.Build.0 = Debug|Any CPU
		{DD1978D4-47A6-4301-9993-CC2AD8F235A3}.Release|Any CPU.ActiveCfg = Release|Any CPU
		{DD1978D4-47A6-4301-9993-CC2AD8F235A3}.Release|Any CPU.Build.0 = Release|Any CPU
		{79E740F9-F33D-406D-A388-411E29EDE8FC}.Debug|Any CPU.ActiveCfg = Debug|Any CPU
		{79E740F9-F33D-406D-A388-411E29EDE8FC}.Debug|Any CPU.Build.0 = Debug|Any CPU
		{79E740F9-F33D-406D-A388-411E29EDE8FC}.Release|Any CPU.ActiveCfg = Release|Any CPU
		{79E740F9-F33D-406D-A388-411E29EDE8FC}.Release|Any CPU.Build.0 = Release|Any CPU
		{729CF52D-BBB2-4983-9B5F-D27987C03371}.Debug|Any CPU.ActiveCfg = Debug|Any CPU
		{729CF52D-BBB2-4983-9B5F-D27987C03371}.Debug|Any CPU.Build.0 = Debug|Any CPU
		{729CF52D-BBB2-4983-9B5F-D27987C03371}.Release|Any CPU.ActiveCfg = Release|Any CPU
		{729CF52D-BBB2-4983-9B5F-D27987C03371}.Release|Any CPU.Build.0 = Release|Any CPU
		{C2806551-6B32-4BD5-B0C3-A7A9F47C1425}.Debug|Any CPU.ActiveCfg = Debug|Any CPU
		{C2806551-6B32-4BD5-B0C3-A7A9F47C1425}.Debug|Any CPU.Build.0 = Debug|Any CPU
		{C2806551-6B32-4BD5-B0C3-A7A9F47C1425}.Release|Any CPU.ActiveCfg = Release|Any CPU
		{C2806551-6B32-4BD5-B0C3-A7A9F47C1425}.Release|Any CPU.Build.0 = Release|Any CPU
		{5CBD37F6-FF27-4235-BEBB-6BB8FE1337B5}.Debug|Any CPU.ActiveCfg = Debug|Any CPU
		{5CBD37F6-FF27-4235-BEBB-6BB8FE1337B5}.Debug|Any CPU.Build.0 = Debug|Any CPU
		{5CBD37F6-FF27-4235-BEBB-6BB8FE1337B5}.Release|Any CPU.ActiveCfg = Release|Any CPU
		{5CBD37F6-FF27-4235-BEBB-6BB8FE1337B5}.Release|Any CPU.Build.0 = Release|Any CPU
		{DBD80BEE-2F40-4753-883B-301D93D44DFB}.Debug|Any CPU.ActiveCfg = Debug|Any CPU
		{DBD80BEE-2F40-4753-883B-301D93D44DFB}.Debug|Any CPU.Build.0 = Debug|Any CPU
		{DBD80BEE-2F40-4753-883B-301D93D44DFB}.Release|Any CPU.ActiveCfg = Release|Any CPU
		{DBD80BEE-2F40-4753-883B-301D93D44DFB}.Release|Any CPU.Build.0 = Release|Any CPU
		{11561710-0005-4E22-854F-B7B5D71BB3AB}.Debug|Any CPU.ActiveCfg = Debug|Any CPU
		{11561710-0005-4E22-854F-B7B5D71BB3AB}.Debug|Any CPU.Build.0 = Debug|Any CPU
		{11561710-0005-4E22-854F-B7B5D71BB3AB}.Release|Any CPU.ActiveCfg = Release|Any CPU
		{11561710-0005-4E22-854F-B7B5D71BB3AB}.Release|Any CPU.Build.0 = Release|Any CPU
		{F683591D-68DA-4CCA-BC75-9209BDE4536F}.Debug|Any CPU.ActiveCfg = Debug|Any CPU
		{F683591D-68DA-4CCA-BC75-9209BDE4536F}.Debug|Any CPU.Build.0 = Debug|Any CPU
		{F683591D-68DA-4CCA-BC75-9209BDE4536F}.Release|Any CPU.ActiveCfg = Release|Any CPU
		{F683591D-68DA-4CCA-BC75-9209BDE4536F}.Release|Any CPU.Build.0 = Release|Any CPU
		{AF378222-F682-47FE-8A56-E1AC65E9F7DA}.Debug|Any CPU.ActiveCfg = Debug|Any CPU
		{AF378222-F682-47FE-8A56-E1AC65E9F7DA}.Debug|Any CPU.Build.0 = Debug|Any CPU
		{AF378222-F682-47FE-8A56-E1AC65E9F7DA}.Release|Any CPU.ActiveCfg = Release|Any CPU
		{AF378222-F682-47FE-8A56-E1AC65E9F7DA}.Release|Any CPU.Build.0 = Release|Any CPU
		{E5AC5416-A3B9-4250-B46A-2144B48645E9}.Debug|Any CPU.ActiveCfg = Debug|Any CPU
		{E5AC5416-A3B9-4250-B46A-2144B48645E9}.Debug|Any CPU.Build.0 = Debug|Any CPU
		{E5AC5416-A3B9-4250-B46A-2144B48645E9}.Release|Any CPU.ActiveCfg = Release|Any CPU
		{E5AC5416-A3B9-4250-B46A-2144B48645E9}.Release|Any CPU.Build.0 = Release|Any CPU
		{3F856F32-10E0-41D5-9FF1-76DFFB63BBDA}.Debug|Any CPU.ActiveCfg = Debug|Any CPU
		{3F856F32-10E0-41D5-9FF1-76DFFB63BBDA}.Debug|Any CPU.Build.0 = Debug|Any CPU
		{3F856F32-10E0-41D5-9FF1-76DFFB63BBDA}.Release|Any CPU.ActiveCfg = Release|Any CPU
		{3F856F32-10E0-41D5-9FF1-76DFFB63BBDA}.Release|Any CPU.Build.0 = Release|Any CPU
		{4F47EC79-BD32-4502-A47E-4AC41A3C432C}.Debug|Any CPU.ActiveCfg = Debug|Any CPU
		{4F47EC79-BD32-4502-A47E-4AC41A3C432C}.Debug|Any CPU.Build.0 = Debug|Any CPU
		{4F47EC79-BD32-4502-A47E-4AC41A3C432C}.Release|Any CPU.ActiveCfg = Release|Any CPU
		{4F47EC79-BD32-4502-A47E-4AC41A3C432C}.Release|Any CPU.Build.0 = Release|Any CPU
		{C3DF5774-B967-417F-882A-D14D5555B7F4}.Debug|Any CPU.ActiveCfg = Debug|Any CPU
		{C3DF5774-B967-417F-882A-D14D5555B7F4}.Debug|Any CPU.Build.0 = Debug|Any CPU
		{C3DF5774-B967-417F-882A-D14D5555B7F4}.Release|Any CPU.ActiveCfg = Release|Any CPU
		{C3DF5774-B967-417F-882A-D14D5555B7F4}.Release|Any CPU.Build.0 = Release|Any CPU
	EndGlobalSection
	GlobalSection(SolutionProperties) = preSolution
		HideSolutionNode = FALSE
	EndGlobalSection
	GlobalSection(NestedProjects) = preSolution
		{0D571FF4-640C-44EF-B325-7F885F4319C8} = {499D5E5A-19DB-4C53-B55C-377ADC40AF1D}
		{818B6823-36F5-4673-94F8-168EAF1CF6E4} = {499D5E5A-19DB-4C53-B55C-377ADC40AF1D}
		{08E49E9E-EC36-4595-BDE9-F97B1C1BAA81} = {499D5E5A-19DB-4C53-B55C-377ADC40AF1D}
		{5CC825F2-539F-446D-B937-99B2EE0C94FE} = {499D5E5A-19DB-4C53-B55C-377ADC40AF1D}
		{BAEA208B-AC7B-4CB0-BCBA-7A50B30A704D} = {499D5E5A-19DB-4C53-B55C-377ADC40AF1D}
		{09D64D9B-335C-44AE-8BB7-2F9535851388} = {318459B1-A738-42E5-BC26-D1666A87CA3F}
		{BBF9D883-2FCF-44CB-807B-C7A23AE0A11C} = {318459B1-A738-42E5-BC26-D1666A87CA3F}
		{93ABB996-A9A8-425F-BFF0-DD579D929DD9} = {318459B1-A738-42E5-BC26-D1666A87CA3F}
		{D94D4F68-129C-4ACE-B370-0047488237AD} = {318459B1-A738-42E5-BC26-D1666A87CA3F}
		{DD1978D4-47A6-4301-9993-CC2AD8F235A3} = {318459B1-A738-42E5-BC26-D1666A87CA3F}
		{79E740F9-F33D-406D-A388-411E29EDE8FC} = {318459B1-A738-42E5-BC26-D1666A87CA3F}
		{729CF52D-BBB2-4983-9B5F-D27987C03371} = {318459B1-A738-42E5-BC26-D1666A87CA3F}
		{C2806551-6B32-4BD5-B0C3-A7A9F47C1425} = {8CA4DE27-671D-47C7-B6A0-FA676E05E218}
		{5CBD37F6-FF27-4235-BEBB-6BB8FE1337B5} = {8CA4DE27-671D-47C7-B6A0-FA676E05E218}
		{DBD80BEE-2F40-4753-883B-301D93D44DFB} = {8CA4DE27-671D-47C7-B6A0-FA676E05E218}
		{11561710-0005-4E22-854F-B7B5D71BB3AB} = {8CA4DE27-671D-47C7-B6A0-FA676E05E218}
		{F683591D-68DA-4CCA-BC75-9209BDE4536F} = {8CA4DE27-671D-47C7-B6A0-FA676E05E218}
		{AF378222-F682-47FE-8A56-E1AC65E9F7DA} = {8CA4DE27-671D-47C7-B6A0-FA676E05E218}
		{E5AC5416-A3B9-4250-B46A-2144B48645E9} = {8CA4DE27-671D-47C7-B6A0-FA676E05E218}
		{3F856F32-10E0-41D5-9FF1-76DFFB63BBDA} = {8CA4DE27-671D-47C7-B6A0-FA676E05E218}
	EndGlobalSection
EndGlobal
